
Microsoft Visual Studio Solution File, Format Version 12.00
# Visual Studio 15
VisualStudioVersion = 15.0.27729.1
MinimumVisualStudioVersion = 10.0.40219.1
Project("{FAE04EC0-301F-11D3-BF4B-00C04F79EFBC}") = "dotnet-do", "dotnet-do\dotnet-do.csproj", "{D9071BDD-7A7F-472D-A69A-89CEB4D9D80F}"
EndProject
Global
	GlobalSection(SolutionConfigurationPlatforms) = preSolution
		Debug|Any CPU = Debug|Any CPU
		Release|Any CPU = Release|Any CPU
	EndGlobalSection
	GlobalSection(ProjectConfigurationPlatforms) = postSolution
		{D9071BDD-7A7F-472D-A69A-89CEB4D9D80F}.Debug|Any CPU.ActiveCfg = Debug|Any CPU
		{D9071BDD-7A7F-472D-A69A-89CEB4D9D80F}.Debug|Any CPU.Build.0 = Debug|Any CPU
		{D9071BDD-7A7F-472D-A69A-89CEB4D9D80F}.Release|Any CPU.ActiveCfg = Release|Any CPU
		{D9071BDD-7A7F-472D-A69A-89CEB4D9D80F}.Release|Any CPU.Build.0 = Release|Any CPU
	EndGlobalSection
	GlobalSection(SolutionProperties) = preSolution
		HideSolutionNode = FALSE
	EndGlobalSection
	GlobalSection(ExtensibilityGlobals) = postSolution
		SolutionGuid = {0EC8BE55-0B15-4D57-B17E-5A55B2738F45}
	EndGlobalSection
EndGlobal
